{
  "version": 4,
  "terraform_version": "0.12.21",
  "serial": 13,
  "lineage": "a1be8568-d0f3-faec-f34c-b2372c1fa66d",
  "outputs": {},
  "resources": [
    {
      "mode": "managed",
      "type": "aws_eks_cluster",
      "name": "default",
      "provider": "provider.aws",
      "instances": [
        {
          "schema_version": 0,
          "attributes": {
            "arn": "arn:aws:eks:us-west-2:441754155677:cluster/default",
            "certificate_authority": [
              {
                "data": "LS0tLS1CRUdJTiBDRVJUSUZJQ0FURS0tLS0tCk1JSUN5RENDQWJDZ0F3SUJBZ0lCQURBTkJna3Foa2lHOXcwQkFRc0ZBREFWTVJNd0VRWURWUVFERXdwcmRXSmwKY201bGRHVnpNQjRYRFRJd01EUXdOakU0TWprek0xb1hEVE13TURRd05ERTRNamt6TTFvd0ZURVRNQkVHQTFVRQpBeE1LYTNWaVpYSnVaWFJsY3pDQ0FTSXdEUVlKS29aSWh2Y05BUUVCQlFBRGdnRVBBRENDQVFvQ2dnRUJBTXdmCllQeURSTXNVS09HNnc3VHY0UzNGL0hpSkdCWUs3Tk1WTXI3TG5vMGVzVG9KMERmV0dRaG40bGU3Y0pnZmlNQUsKMGp3blozS1dOQ29pcktHVytKV3pJZmZCazRtM0E5dlM4ZFFNZ1RZTUNzZnVrRy9iaDdXZW5EMEpJUVkyMkZ6MgptY2wwQS9sRGYxYVBsNlR4L1hQeVQvNmRuYjNyeFRkVTREbUtvaXdteGh4djIxNVkrdllKTkZMa0ZnMHVXdjRiCnl2c1p1L3l6ZHl0NG93NUsxMkVhWk1SKzF1eVBzYUJjTlRBbGxVU3VIQXpiWjQ5QW43dGt6R3ByTG1rM3JMb0cKWjJuUHNuazNFNnlLSVJIMCtYNDJDd1RKMXBUZzcwMFh5Rk9Qa2dseklYU3dTWUNydzZsODlhM1ZCL2FnQklPYwpDa2ZPQUVkbEdURGNVKythb2o4Q0F3RUFBYU1qTUNFd0RnWURWUjBQQVFIL0JBUURBZ0trTUE4R0ExVWRFd0VCCi93UUZNQU1CQWY4d0RRWUpLb1pJaHZjTkFRRUxCUUFEZ2dFQkFMOHM1MU5NQ2RtTjAwM0FnR0d3T2hTQkdPVTUKbzkxQnhjUjJ3N09MUnRNbEpKd1JaQmhaMDVIem1MZkM4alYrZHgrWWxUZjJyelZFYXorclNmNGVKVUtZTUFmWgp1RHg4blVSUFFHOGhJR1Btb3BNZGE0ZVFRV3lxR3dLSGU2OVpablRlTlg1QS9NVE8wbTd2WTk1R0RZYVNhdldHCjNidU5JeDdnWEtRU2FkcS9mZ0t0V0ZkbW5VbCtiM3o5d3hIbkJyWHlrbjQ4cXlJakJXKy9NelZaQndwM2d5bnkKVDd2TXlKcW9vSzljakJJUE1kZXR2UWZ1elhJSURTMXFLQmF6WTlKdGVIUW5sM3lUbkpwN3NFTDVtSVdBM29ZMApwbDV0ZXRzMUN2MmlnNDJJRloyeEp5U09SZUk4NFJpWGNTTVN6UmFlclN5MEpaM1FtVXIzRlBOVnVzST0KLS0tLS1FTkQgQ0VSVElGSUNBVEUtLS0tLQo="
              }
            ],
            "created_at": "2020-04-06 18:22:25 +0000 UTC",
            "enabled_cluster_log_types": null,
            "encryption_config": [],
            "endpoint": "https://82166B3FE4836448ED83E5259C1036DE.gr7.us-west-2.eks.amazonaws.com",
            "id": "default",
            "identity": [
              {
                "oidc": [
                  {
                    "issuer": "https://oidc.eks.us-west-2.amazonaws.com/id/82166B3FE4836448ED83E5259C1036DE"
                  }
                ]
              }
            ],
            "name": "default",
            "platform_version": "eks.1",
            "role_arn": "arn:aws:iam::441754155677:role/default-cluster",
            "status": "ACTIVE",
            "tags": null,
            "timeouts": null,
            "version": "1.15",
            "vpc_config": [
              {
                "cluster_security_group_id": "sg-0aac20b644ce77186",
                "endpoint_private_access": false,
                "endpoint_public_access": true,
                "public_access_cidrs": [
                  "0.0.0.0/0"
                ],
                "security_group_ids": null,
                "subnet_ids": [
                  "subnet-01f87b66182c45f98",
                  "subnet-07f79c2b3f6e0ec31"
                ],
                "vpc_id": "vpc-07428a55e01ca49d4"
              }
            ]
          },
          "private": "eyJlMmJmYjczMC1lY2FhLTExZTYtOGY4OC0zNDM2M2JjN2M0YzAiOnsiY3JlYXRlIjoxODAwMDAwMDAwMDAwLCJkZWxldGUiOjkwMDAwMDAwMDAwMCwidXBkYXRlIjozNjAwMDAwMDAwMDAwfX0=",
          "dependencies": [
            "aws_iam_role.default-cluster",
            "aws_iam_role_policy_attachment.eks-cluster-policy-attachment",
            "aws_iam_role_policy_attachment.eks-service-policy-attachment",
            "aws_subnet.default-us-west-2a",
            "aws_subnet.default-us-west-2b",
            "aws_vpc.default"
          ]
        }
      ]
    },
    {
      "mode": "managed",
      "type": "aws_eks_node_group",
      "name": "default",
      "provider": "provider.aws",
      "instances": [
        {
          "status": "tainted",
          "schema_version": 0,
          "attributes": {
            "ami_type": null,
            "arn": null,
            "cluster_name": "default",
            "disk_size": null,
            "id": "default:default",
            "instance_types": [],
            "labels": null,
            "node_group_name": "default",
            "node_role_arn": "arn:aws:iam::441754155677:role/default-node-group",
            "release_version": null,
            "remote_access": [],
            "resources": null,
            "scaling_config": [
              {
                "desired_size": 2,
                "max_size": 2,
                "min_size": 2
              }
            ],
            "status": null,
            "subnet_ids": [
              "subnet-01f87b66182c45f98",
              "subnet-07f79c2b3f6e0ec31"
            ],
            "tags": null,
            "timeouts": null,
            "version": null
          },
          "private": "eyJlMmJmYjczMC1lY2FhLTExZTYtOGY4OC0zNDM2M2JjN2M0YzAiOnsiY3JlYXRlIjozNjAwMDAwMDAwMDAwLCJkZWxldGUiOjM2MDAwMDAwMDAwMDAsInVwZGF0ZSI6MzYwMDAwMDAwMDAwMH19",
          "dependencies": [
            "aws_eks_cluster.default",
            "aws_iam_role.default-cluster",
            "aws_iam_role.default-node-group",
            "aws_iam_role_policy_attachment.eks-cluster-policy-attachment",
            "aws_iam_role_policy_attachment.eks-cni-policy-attachment",
            "aws_iam_role_policy_attachment.eks-ecr-read-policy-attachment",
            "aws_iam_role_policy_attachment.eks-service-policy-attachment",
            "aws_iam_role_policy_attachment.eks-worker-node-policy-attachment",
            "aws_subnet.default-us-west-2a",
            "aws_subnet.default-us-west-2b",
            "aws_vpc.default"
          ]
        }
      ]
    },
    {
      "mode": "managed",
      "type": "aws_iam_role",
      "name": "default-cluster",
      "provider": "provider.aws",
      "instances": [
        {
          "schema_version": 0,
          "attributes": {
            "arn": "arn:aws:iam::441754155677:role/default-cluster",
            "assume_role_policy": "{\"Version\":\"2012-10-17\",\"Statement\":[{\"Effect\":\"Allow\",\"Principal\":{\"Service\":\"eks.amazonaws.com\"},\"Action\":\"sts:AssumeRole\"}]}",
            "create_date": "2020-04-06T18:21:56Z",
            "description": "",
            "force_detach_policies": false,
            "id": "default-cluster",
            "max_session_duration": 3600,
            "name": "default-cluster",
            "name_prefix": null,
            "path": "/",
            "permissions_boundary": null,
            "tags": null,
            "unique_id": "AROAWNWUZPKO2DVO7OU5C"
          },
          "private": "bnVsbA=="
        }
      ]
    },
    {
      "mode": "managed",
      "type": "aws_iam_role",
      "name": "default-node-group",
      "provider": "provider.aws",
      "instances": [
        {
          "schema_version": 0,
          "attributes": {
            "arn": "arn:aws:iam::441754155677:role/default-node-group",
            "assume_role_policy": "{\"Version\":\"2012-10-17\",\"Statement\":[{\"Effect\":\"Allow\",\"Principal\":{\"Service\":\"ec2.amazonaws.com\"},\"Action\":\"sts:AssumeRole\"}]}",
            "create_date": "2020-04-06T18:21:56Z",
            "description": "",
            "force_detach_policies": false,
            "id": "default-node-group",
            "max_session_duration": 3600,
            "name": "default-node-group",
            "name_prefix": null,
            "path": "/",
            "permissions_boundary": null,
            "tags": null,
            "unique_id": "AROAWNWUZPKOXGOKPFZO2"
          },
          "private": "bnVsbA=="
        }
      ]
    },
    {
      "mode": "managed",
      "type": "aws_iam_role_policy_attachment",
      "name": "eks-cluster-policy-attachment",
      "provider": "provider.aws",
      "instances": [
        {
          "schema_version": 0,
          "attributes": {
            "id": "default-cluster-20200406182157826800000003",
            "policy_arn": "arn:aws:iam::aws:policy/AmazonEKSClusterPolicy",
            "role": "default-cluster"
          },
          "private": "bnVsbA==",
          "dependencies": [
            "aws_iam_role.default-cluster"
          ]
        }
      ]
    },
    {
      "mode": "managed",
      "type": "aws_iam_role_policy_attachment",
      "name": "eks-cni-policy-attachment",
      "provider": "provider.aws",
      "instances": [
        {
          "schema_version": 0,
          "attributes": {
            "id": "default-node-group-20200406182157837900000004",
            "policy_arn": "arn:aws:iam::aws:policy/AmazonEKS_CNI_Policy",
            "role": "default-node-group"
          },
          "private": "bnVsbA==",
          "dependencies": [
            "aws_iam_role.default-node-group"
          ]
        }
      ]
    },
    {
      "mode": "managed",
      "type": "aws_iam_role_policy_attachment",
      "name": "eks-ecr-read-policy-attachment",
      "provider": "provider.aws",
      "instances": [
        {
          "schema_version": 0,
          "attributes": {
            "id": "default-node-group-20200406182157816600000002",
            "policy_arn": "arn:aws:iam::aws:policy/AmazonEC2ContainerRegistryReadOnly",
            "role": "default-node-group"
          },
          "private": "bnVsbA==",
          "dependencies": [
            "aws_iam_role.default-node-group"
          ]
        }
      ]
    },
    {
      "mode": "managed",
      "type": "aws_iam_role_policy_attachment",
      "name": "eks-service-policy-attachment",
      "provider": "provider.aws",
      "instances": [
        {
          "schema_version": 0,
          "attributes": {
            "id": "default-cluster-20200406182157813400000001",
            "policy_arn": "arn:aws:iam::aws:policy/AmazonEKSServicePolicy",
            "role": "default-cluster"
          },
          "private": "bnVsbA==",
          "dependencies": [
            "aws_iam_role.default-cluster"
          ]
        }
      ]
    },
    {
      "mode": "managed",
      "type": "aws_iam_role_policy_attachment",
      "name": "eks-worker-node-policy-attachment",
      "provider": "provider.aws",
      "instances": [
        {
          "schema_version": 0,
          "attributes": {
            "id": "default-node-group-20200406182157879500000005",
            "policy_arn": "arn:aws:iam::aws:policy/AmazonEKSWorkerNodePolicy",
            "role": "default-node-group"
          },
          "private": "bnVsbA==",
          "dependencies": [
            "aws_iam_role.default-node-group"
          ]
        }
      ]
    },
    {
      "mode": "managed",
      "type": "aws_internet_gateway",
      "name": "default",
      "provider": "provider.aws",
      "instances": [
        {
          "schema_version": 0,
          "attributes": {
            "id": "igw-02f1be3ab34fabbaf",
            "owner_id": "441754155677",
            "tags": {
              "Name": "default"
            },
            "vpc_id": "vpc-07428a55e01ca49d4"
          },
          "private": "bnVsbA==",
          "dependencies": [
            "aws_vpc.default"
          ]
        }
      ]
    },
    {
      "mode": "managed",
      "type": "aws_subnet",
      "name": "default-us-west-2a",
      "provider": "provider.aws",
      "instances": [
        {
          "schema_version": 1,
          "attributes": {
            "arn": "arn:aws:ec2:us-west-2:441754155677:subnet/subnet-01f87b66182c45f98",
            "assign_ipv6_address_on_creation": false,
            "availability_zone": "us-west-2a",
            "availability_zone_id": "usw2-az1",
            "cidr_block": "10.0.16.0/20",
            "id": "subnet-01f87b66182c45f98",
            "ipv6_cidr_block": "",
            "ipv6_cidr_block_association_id": "",
            "map_public_ip_on_launch": true,
            "owner_id": "441754155677",
            "tags": {
              "Name": "default-us-west-2a",
              "kubernetes.io/cluster/default": "shared",
              "kubernetes.io/role/elb": "1"
            },
            "timeouts": null,
            "vpc_id": "vpc-07428a55e01ca49d4"
          },
          "private": "eyJlMmJmYjczMC1lY2FhLTExZTYtOGY4OC0zNDM2M2JjN2M0YzAiOnsiY3JlYXRlIjo2MDAwMDAwMDAwMDAsImRlbGV0ZSI6MTIwMDAwMDAwMDAwMH0sInNjaGVtYV92ZXJzaW9uIjoiMSJ9",
          "dependencies": [
            "aws_vpc.default"
          ]
        }
      ]
    },
    {
      "mode": "managed",
      "type": "aws_subnet",
      "name": "default-us-west-2b",
      "provider": "provider.aws",
      "instances": [
        {
          "schema_version": 1,
          "attributes": {
            "arn": "arn:aws:ec2:us-west-2:441754155677:subnet/subnet-07f79c2b3f6e0ec31",
            "assign_ipv6_address_on_creation": false,
            "availability_zone": "us-west-2b",
            "availability_zone_id": "usw2-az2",
            "cidr_block": "10.0.32.0/20",
            "id": "subnet-07f79c2b3f6e0ec31",
            "ipv6_cidr_block": "",
            "ipv6_cidr_block_association_id": "",
            "map_public_ip_on_launch": true,
            "owner_id": "441754155677",
            "tags": {
              "Name": "default-us-west-2b",
              "kubernetes.io/cluster/default": "shared",
              "kubernetes.io/role/elb": "1"
            },
            "timeouts": null,
            "vpc_id": "vpc-07428a55e01ca49d4"
          },
          "private": "eyJlMmJmYjczMC1lY2FhLTExZTYtOGY4OC0zNDM2M2JjN2M0YzAiOnsiY3JlYXRlIjo2MDAwMDAwMDAwMDAsImRlbGV0ZSI6MTIwMDAwMDAwMDAwMH0sInNjaGVtYV92ZXJzaW9uIjoiMSJ9",
          "dependencies": [
            "aws_vpc.default"
          ]
        }
      ]
    },
    {
      "mode": "managed",
      "type": "aws_vpc",
      "name": "default",
      "provider": "provider.aws",
      "instances": [
        {
          "schema_version": 1,
          "attributes": {
            "arn": "arn:aws:ec2:us-west-2:441754155677:vpc/vpc-07428a55e01ca49d4",
            "assign_generated_ipv6_cidr_block": false,
            "cidr_block": "10.0.0.0/16",
            "default_network_acl_id": "acl-088713df72e23231f",
            "default_route_table_id": "rtb-0ad66e9319ba5cb6e",
            "default_security_group_id": "sg-01e46b9d047e780d2",
            "dhcp_options_id": "dopt-ae4f9bd6",
            "enable_classiclink": false,
            "enable_classiclink_dns_support": false,
            "enable_dns_hostnames": true,
            "enable_dns_support": true,
            "id": "vpc-07428a55e01ca49d4",
            "instance_tenancy": "default",
            "ipv6_association_id": "",
            "ipv6_cidr_block": "",
            "main_route_table_id": "rtb-0ad66e9319ba5cb6e",
            "owner_id": "441754155677",
            "tags": {
              "Name": "default"
            }
          },
          "private": "eyJzY2hlbWFfdmVyc2lvbiI6IjEifQ=="
        }
      ]
    }
  ]
}
